
Microsoft Visual Studio Solution File, Format Version 12.00
# Visual Studio Version 16
VisualStudioVersion = 16.0.31205.134
MinimumVisualStudioVersion = 10.0.40219.1
Project("{FAE04EC0-301F-11D3-BF4B-00C04F79EFBC}") = "Cswork9", "Cswork9\Cswork9.csproj", "{A3613523-FC81-4A85-90A4-D4D0E1241B2A}"
EndProject
Global
	GlobalSection(SolutionConfigurationPlatforms) = preSolution
		Debug|Any CPU = Debug|Any CPU
		Release|Any CPU = Release|Any CPU
	EndGlobalSection
	GlobalSection(ProjectConfigurationPlatforms) = postSolution
		{A3613523-FC81-4A85-90A4-D4D0E1241B2A}.Debug|Any CPU.ActiveCfg = Debug|Any CPU
		{A3613523-FC81-4A85-90A4-D4D0E1241B2A}.Debug|Any CPU.Build.0 = Debug|Any CPU
		{A3613523-FC81-4A85-90A4-D4D0E1241B2A}.Release|Any CPU.ActiveCfg = Release|Any CPU
		{A3613523-FC81-4A85-90A4-D4D0E1241B2A}.Release|Any CPU.Build.0 = Release|Any CPU
	EndGlobalSection
	GlobalSection(SolutionProperties) = preSolution
		HideSolutionNode = FALSE
	EndGlobalSection
	GlobalSection(ExtensibilityGlobals) = postSolution
		SolutionGuid = {B8EB1D61-F5DF-4090-B4DB-62C140FD69D8}
	EndGlobalSection
EndGlobal
